# This file is automatically @generated by Cargo.
# It is not intended for manual editing.
version = 4

[[package]]
name = "kwybars-common"
version = "0.1.0"

[[package]]
name = "kwybars-engine"
version = "0.1.0"
dependencies = [
 "kwybars-common",
]

[[package]]
name = "kwybars-overlay"
version = "0.1.0"
dependencies = [
 "kwybars-common",
 "kwybars-engine",
]
